
Microsoft Visual Studio Solution File, Format Version 12.00
# Visual Studio 14
VisualStudioVersion = 14.0.23107.0
MinimumVisualStudioVersion = 10.0.40219.1
Project("{FAE04EC0-301F-11D3-BF4B-00C04F79EFBC}") = "Quick.OwinMVC", "Source\Quick.OwinMVC\Quick.OwinMVC.csproj", "{17F47358-C8E5-49B2-BCAC-0B315F93E114}"
EndProject
Project("{2150E333-8FDC-42A3-9474-1A3956D46DE8}") = "Core", "Core", "{B19DDEE8-6724-4592-B0F7-25D18A107624}"
EndProject
Project("{2150E333-8FDC-42A3-9474-1A3956D46DE8}") = "Plugins", "Plugins", "{7AB2CB70-AB73-49B7-8800-6479AFA60E6B}"
EndProject
Project("{FAE04EC0-301F-11D3-BF4B-00C04F79EFBC}") = "Quick.OwinMVC.Server.Nowin", "Source\Quick.OwinMVC.Server.Nowin\Quick.OwinMVC.Server.Nowin.csproj", "{9492538C-F2F8-49B8-8B76-255D22B9C8D4}"
EndProject
Project("{FAE04EC0-301F-11D3-BF4B-00C04F79EFBC}") = "Program", "Source\Program\Program.csproj", "{291CC54D-2D94-4FC5-8C5C-2389D0C35EC8}"
	ProjectSection(ProjectDependencies) = postProject
		{C4963162-03A3-4F67-AF2B-E3DEDBAE40F0} = {C4963162-03A3-4F67-AF2B-E3DEDBAE40F0}
		{9492538C-F2F8-49B8-8B76-255D22B9C8D4} = {9492538C-F2F8-49B8-8B76-255D22B9C8D4}
		{62FF4DBB-C721-472C-90CD-8C94735DA94C} = {62FF4DBB-C721-472C-90CD-8C94735DA94C}
	EndProjectSection
EndProject
Project("{FAE04EC0-301F-11D3-BF4B-00C04F79EFBC}") = "Quick.OwinMVC.Startup", "Source\Quick.OwinMVC.Startup\Quick.OwinMVC.Startup.csproj", "{E30DACE1-AD25-49D6-8D0F-531345BCD436}"
EndProject
Project("{FAE04EC0-301F-11D3-BF4B-00C04F79EFBC}") = "Quick.OwinMVC.Server.Microsoft", "Source\Quick.OwinMVC.Server.Microsoft\Quick.OwinMVC.Server.Microsoft.csproj", "{C4963162-03A3-4F67-AF2B-E3DEDBAE40F0}"
EndProject
Project("{FAE04EC0-301F-11D3-BF4B-00C04F79EFBC}") = "Plugin.ApiDoc", "Source\Plugins\Plugin.ApiDoc\Plugin.ApiDoc.csproj", "{62FF4DBB-C721-472C-90CD-8C94735DA94C}"
EndProject
Global
	GlobalSection(SolutionConfigurationPlatforms) = preSolution
		Debug|Any CPU = Debug|Any CPU
		Debug|x64 = Debug|x64
		Debug|x86 = Debug|x86
		Release|Any CPU = Release|Any CPU
		Release|x64 = Release|x64
		Release|x86 = Release|x86
	EndGlobalSection
	GlobalSection(ProjectConfigurationPlatforms) = postSolution
		{17F47358-C8E5-49B2-BCAC-0B315F93E114}.Debug|Any CPU.ActiveCfg = Debug|Any CPU
		{17F47358-C8E5-49B2-BCAC-0B315F93E114}.Debug|Any CPU.Build.0 = Debug|Any CPU
		{17F47358-C8E5-49B2-BCAC-0B315F93E114}.Debug|x64.ActiveCfg = Debug|x64
		{17F47358-C8E5-49B2-BCAC-0B315F93E114}.Debug|x64.Build.0 = Debug|x64
		{17F47358-C8E5-49B2-BCAC-0B315F93E114}.Debug|x86.ActiveCfg = Debug|x86
		{17F47358-C8E5-49B2-BCAC-0B315F93E114}.Debug|x86.Build.0 = Debug|x86
		{17F47358-C8E5-49B2-BCAC-0B315F93E114}.Release|Any CPU.ActiveCfg = Release|Any CPU
		{17F47358-C8E5-49B2-BCAC-0B315F93E114}.Release|Any CPU.Build.0 = Release|Any CPU
		{17F47358-C8E5-49B2-BCAC-0B315F93E114}.Release|x64.ActiveCfg = Release|x64
		{17F47358-C8E5-49B2-BCAC-0B315F93E114}.Release|x64.Build.0 = Release|x64
		{17F47358-C8E5-49B2-BCAC-0B315F93E114}.Release|x86.ActiveCfg = Release|x86
		{17F47358-C8E5-49B2-BCAC-0B315F93E114}.Release|x86.Build.0 = Release|x86
		{9492538C-F2F8-49B8-8B76-255D22B9C8D4}.Debug|Any CPU.ActiveCfg = Debug|Any CPU
		{9492538C-F2F8-49B8-8B76-255D22B9C8D4}.Debug|Any CPU.Build.0 = Debug|Any CPU
		{9492538C-F2F8-49B8-8B76-255D22B9C8D4}.Debug|x64.ActiveCfg = Debug|x64
		{9492538C-F2F8-49B8-8B76-255D22B9C8D4}.Debug|x64.Build.0 = Debug|x64
		{9492538C-F2F8-49B8-8B76-255D22B9C8D4}.Debug|x86.ActiveCfg = Debug|x86
		{9492538C-F2F8-49B8-8B76-255D22B9C8D4}.Debug|x86.Build.0 = Debug|x86
		{9492538C-F2F8-49B8-8B76-255D22B9C8D4}.Release|Any CPU.ActiveCfg = Release|Any CPU
		{9492538C-F2F8-49B8-8B76-255D22B9C8D4}.Release|Any CPU.Build.0 = Release|Any CPU
		{9492538C-F2F8-49B8-8B76-255D22B9C8D4}.Release|x64.ActiveCfg = Release|x64
		{9492538C-F2F8-49B8-8B76-255D22B9C8D4}.Release|x64.Build.0 = Release|x64
		{9492538C-F2F8-49B8-8B76-255D22B9C8D4}.Release|x86.ActiveCfg = Release|x86
		{9492538C-F2F8-49B8-8B76-255D22B9C8D4}.Release|x86.Build.0 = Release|x86
		{291CC54D-2D94-4FC5-8C5C-2389D0C35EC8}.Debug|Any CPU.ActiveCfg = Debug|Any CPU
		{291CC54D-2D94-4FC5-8C5C-2389D0C35EC8}.Debug|Any CPU.Build.0 = Debug|Any CPU
		{291CC54D-2D94-4FC5-8C5C-2389D0C35EC8}.Debug|x64.ActiveCfg = Debug|x64
		{291CC54D-2D94-4FC5-8C5C-2389D0C35EC8}.Debug|x64.Build.0 = Debug|x64
		{291CC54D-2D94-4FC5-8C5C-2389D0C35EC8}.Debug|x86.ActiveCfg = Debug|x86
		{291CC54D-2D94-4FC5-8C5C-2389D0C35EC8}.Debug|x86.Build.0 = Debug|x86
		{291CC54D-2D94-4FC5-8C5C-2389D0C35EC8}.Release|Any CPU.ActiveCfg = Release|Any CPU
		{291CC54D-2D94-4FC5-8C5C-2389D0C35EC8}.Release|Any CPU.Build.0 = Release|Any CPU
		{291CC54D-2D94-4FC5-8C5C-2389D0C35EC8}.Release|x64.ActiveCfg = Release|x64
		{291CC54D-2D94-4FC5-8C5C-2389D0C35EC8}.Release|x64.Build.0 = Release|x64
		{291CC54D-2D94-4FC5-8C5C-2389D0C35EC8}.Release|x86.ActiveCfg = Release|x86
		{291CC54D-2D94-4FC5-8C5C-2389D0C35EC8}.Release|x86.Build.0 = Release|x86
		{E30DACE1-AD25-49D6-8D0F-531345BCD436}.Debug|Any CPU.ActiveCfg = Debug|Any CPU
		{E30DACE1-AD25-49D6-8D0F-531345BCD436}.Debug|Any CPU.Build.0 = Debug|Any CPU
		{E30DACE1-AD25-49D6-8D0F-531345BCD436}.Debug|x64.ActiveCfg = Debug|x64
		{E30DACE1-AD25-49D6-8D0F-531345BCD436}.Debug|x64.Build.0 = Debug|x64
		{E30DACE1-AD25-49D6-8D0F-531345BCD436}.Debug|x86.ActiveCfg = Debug|x86
		{E30DACE1-AD25-49D6-8D0F-531345BCD436}.Debug|x86.Build.0 = Debug|x86
		{E30DACE1-AD25-49D6-8D0F-531345BCD436}.Release|Any CPU.ActiveCfg = Release|Any CPU
		{E30DACE1-AD25-49D6-8D0F-531345BCD436}.Release|Any CPU.Build.0 = Release|Any CPU
		{E30DACE1-AD25-49D6-8D0F-531345BCD436}.Release|x64.ActiveCfg = Release|x64
		{E30DACE1-AD25-49D6-8D0F-531345BCD436}.Release|x64.Build.0 = Release|x64
		{E30DACE1-AD25-49D6-8D0F-531345BCD436}.Release|x86.ActiveCfg = Release|x86
		{E30DACE1-AD25-49D6-8D0F-531345BCD436}.Release|x86.Build.0 = Release|x86
		{C4963162-03A3-4F67-AF2B-E3DEDBAE40F0}.Debug|Any CPU.ActiveCfg = Debug|Any CPU
		{C4963162-03A3-4F67-AF2B-E3DEDBAE40F0}.Debug|Any CPU.Build.0 = Debug|Any CPU
		{C4963162-03A3-4F67-AF2B-E3DEDBAE40F0}.Debug|x64.ActiveCfg = Debug|x64
		{C4963162-03A3-4F67-AF2B-E3DEDBAE40F0}.Debug|x64.Build.0 = Debug|x64
		{C4963162-03A3-4F67-AF2B-E3DEDBAE40F0}.Debug|x86.ActiveCfg = Debug|x86
		{C4963162-03A3-4F67-AF2B-E3DEDBAE40F0}.Debug|x86.Build.0 = Debug|x86
		{C4963162-03A3-4F67-AF2B-E3DEDBAE40F0}.Release|Any CPU.ActiveCfg = Release|Any CPU
		{C4963162-03A3-4F67-AF2B-E3DEDBAE40F0}.Release|Any CPU.Build.0 = Release|Any CPU
		{C4963162-03A3-4F67-AF2B-E3DEDBAE40F0}.Release|x64.ActiveCfg = Release|x64
		{C4963162-03A3-4F67-AF2B-E3DEDBAE40F0}.Release|x64.Build.0 = Release|x64
		{C4963162-03A3-4F67-AF2B-E3DEDBAE40F0}.Release|x86.ActiveCfg = Release|x86
		{C4963162-03A3-4F67-AF2B-E3DEDBAE40F0}.Release|x86.Build.0 = Release|x86
		{62FF4DBB-C721-472C-90CD-8C94735DA94C}.Debug|Any CPU.ActiveCfg = Debug|Any CPU
		{62FF4DBB-C721-472C-90CD-8C94735DA94C}.Debug|Any CPU.Build.0 = Debug|Any CPU
		{62FF4DBB-C721-472C-90CD-8C94735DA94C}.Debug|x64.ActiveCfg = Debug|Any CPU
		{62FF4DBB-C721-472C-90CD-8C94735DA94C}.Debug|x64.Build.0 = Debug|Any CPU
		{62FF4DBB-C721-472C-90CD-8C94735DA94C}.Debug|x86.ActiveCfg = Debug|Any CPU
		{62FF4DBB-C721-472C-90CD-8C94735DA94C}.Debug|x86.Build.0 = Debug|Any CPU
		{62FF4DBB-C721-472C-90CD-8C94735DA94C}.Release|Any CPU.ActiveCfg = Release|Any CPU
		{62FF4DBB-C721-472C-90CD-8C94735DA94C}.Release|Any CPU.Build.0 = Release|Any CPU
		{62FF4DBB-C721-472C-90CD-8C94735DA94C}.Release|x64.ActiveCfg = Release|Any CPU
		{62FF4DBB-C721-472C-90CD-8C94735DA94C}.Release|x64.Build.0 = Release|Any CPU
		{62FF4DBB-C721-472C-90CD-8C94735DA94C}.Release|x86.ActiveCfg = Release|Any CPU
		{62FF4DBB-C721-472C-90CD-8C94735DA94C}.Release|x86.Build.0 = Release|Any CPU
	EndGlobalSection
	GlobalSection(SolutionProperties) = preSolution
		HideSolutionNode = FALSE
	EndGlobalSection
	GlobalSection(NestedProjects) = preSolution
		{17F47358-C8E5-49B2-BCAC-0B315F93E114} = {B19DDEE8-6724-4592-B0F7-25D18A107624}
		{9492538C-F2F8-49B8-8B76-255D22B9C8D4} = {B19DDEE8-6724-4592-B0F7-25D18A107624}
		{E30DACE1-AD25-49D6-8D0F-531345BCD436} = {B19DDEE8-6724-4592-B0F7-25D18A107624}
		{C4963162-03A3-4F67-AF2B-E3DEDBAE40F0} = {B19DDEE8-6724-4592-B0F7-25D18A107624}
		{62FF4DBB-C721-472C-90CD-8C94735DA94C} = {7AB2CB70-AB73-49B7-8800-6479AFA60E6B}
	EndGlobalSection
	GlobalSection(ExtensibilityGlobals) = postSolution
		SolutionGuid = {31B5EC58-A686-4866-B0E1-86E88975E60D}
	EndGlobalSection
EndGlobal
