
Microsoft Visual Studio Solution File, Format Version 12.00
# Visual Studio 14
VisualStudioVersion = 14.0.23107.0
MinimumVisualStudioVersion = 10.0.40219.1
Project("{FAE04EC0-301F-11D3-BF4B-00C04F79EFBC}") = "ServerManage", "Source\ServerManage\ServerManage.csproj", "{C56C37DF-E979-4169-AD8D-146BBB1B05E8}"
	ProjectSection(ProjectDependencies) = postProject
		{9492538C-F2F8-49B8-8B76-255D22B9C8D4} = {9492538C-F2F8-49B8-8B76-255D22B9C8D4}
		{702F8491-75B4-4FAA-927B-3A97604088BB} = {702F8491-75B4-4FAA-927B-3A97604088BB}
	EndProjectSection
EndProject
Project("{FAE04EC0-301F-11D3-BF4B-00C04F79EFBC}") = "Quick.OwinMVC", "Source\Quick.OwinMVC\Quick.OwinMVC.csproj", "{17F47358-C8E5-49B2-BCAC-0B315F93E114}"
EndProject
Project("{2150E333-8FDC-42A3-9474-1A3956D46DE8}") = "Core", "Core", "{B19DDEE8-6724-4592-B0F7-25D18A107624}"
EndProject
Project("{2150E333-8FDC-42A3-9474-1A3956D46DE8}") = "Plugins", "Plugins", "{7AB2CB70-AB73-49B7-8800-6479AFA60E6B}"
EndProject
Project("{FAE04EC0-301F-11D3-BF4B-00C04F79EFBC}") = "SvnManage", "Source\Plugins\SvnManage\SvnManage.csproj", "{702F8491-75B4-4FAA-927B-3A97604088BB}"
EndProject
Project("{FAE04EC0-301F-11D3-BF4B-00C04F79EFBC}") = "Quick.OwinMVC.Server.Nowin", "Source\Quick.OwinMVC.Server.Nowin\Quick.OwinMVC.Server.Nowin.csproj", "{9492538C-F2F8-49B8-8B76-255D22B9C8D4}"
EndProject
Project("{2150E333-8FDC-42A3-9474-1A3956D46DE8}") = "Tools", "Tools", "{0E5BFAAA-5EB1-4BC0-8D3A-3BD2198BEE08}"
EndProject
Project("{FAE04EC0-301F-11D3-BF4B-00C04F79EFBC}") = "LanguageResourceMaker", "Source\Tools\LanguageResourceMaker\LanguageResourceMaker.csproj", "{E042D831-07C4-4B39-846E-44D37687D433}"
EndProject
Global
	GlobalSection(SolutionConfigurationPlatforms) = preSolution
		Debug|Any CPU = Debug|Any CPU
		Release|Any CPU = Release|Any CPU
	EndGlobalSection
	GlobalSection(ProjectConfigurationPlatforms) = postSolution
		{C56C37DF-E979-4169-AD8D-146BBB1B05E8}.Debug|Any CPU.ActiveCfg = Debug|Any CPU
		{C56C37DF-E979-4169-AD8D-146BBB1B05E8}.Debug|Any CPU.Build.0 = Debug|Any CPU
		{C56C37DF-E979-4169-AD8D-146BBB1B05E8}.Release|Any CPU.ActiveCfg = Release|Any CPU
		{C56C37DF-E979-4169-AD8D-146BBB1B05E8}.Release|Any CPU.Build.0 = Release|Any CPU
		{17F47358-C8E5-49B2-BCAC-0B315F93E114}.Debug|Any CPU.ActiveCfg = Debug|Any CPU
		{17F47358-C8E5-49B2-BCAC-0B315F93E114}.Debug|Any CPU.Build.0 = Debug|Any CPU
		{17F47358-C8E5-49B2-BCAC-0B315F93E114}.Release|Any CPU.ActiveCfg = Release|Any CPU
		{17F47358-C8E5-49B2-BCAC-0B315F93E114}.Release|Any CPU.Build.0 = Release|Any CPU
		{702F8491-75B4-4FAA-927B-3A97604088BB}.Debug|Any CPU.ActiveCfg = Debug|Any CPU
		{702F8491-75B4-4FAA-927B-3A97604088BB}.Debug|Any CPU.Build.0 = Debug|Any CPU
		{702F8491-75B4-4FAA-927B-3A97604088BB}.Release|Any CPU.ActiveCfg = Release|Any CPU
		{702F8491-75B4-4FAA-927B-3A97604088BB}.Release|Any CPU.Build.0 = Release|Any CPU
		{9492538C-F2F8-49B8-8B76-255D22B9C8D4}.Debug|Any CPU.ActiveCfg = Debug|Any CPU
		{9492538C-F2F8-49B8-8B76-255D22B9C8D4}.Debug|Any CPU.Build.0 = Debug|Any CPU
		{9492538C-F2F8-49B8-8B76-255D22B9C8D4}.Release|Any CPU.ActiveCfg = Release|Any CPU
		{9492538C-F2F8-49B8-8B76-255D22B9C8D4}.Release|Any CPU.Build.0 = Release|Any CPU
		{E042D831-07C4-4B39-846E-44D37687D433}.Debug|Any CPU.ActiveCfg = Debug|Any CPU
		{E042D831-07C4-4B39-846E-44D37687D433}.Debug|Any CPU.Build.0 = Debug|Any CPU
		{E042D831-07C4-4B39-846E-44D37687D433}.Release|Any CPU.ActiveCfg = Release|Any CPU
		{E042D831-07C4-4B39-846E-44D37687D433}.Release|Any CPU.Build.0 = Release|Any CPU
	EndGlobalSection
	GlobalSection(SolutionProperties) = preSolution
		HideSolutionNode = FALSE
	EndGlobalSection
	GlobalSection(NestedProjects) = preSolution
		{17F47358-C8E5-49B2-BCAC-0B315F93E114} = {B19DDEE8-6724-4592-B0F7-25D18A107624}
		{702F8491-75B4-4FAA-927B-3A97604088BB} = {7AB2CB70-AB73-49B7-8800-6479AFA60E6B}
		{9492538C-F2F8-49B8-8B76-255D22B9C8D4} = {B19DDEE8-6724-4592-B0F7-25D18A107624}
		{E042D831-07C4-4B39-846E-44D37687D433} = {0E5BFAAA-5EB1-4BC0-8D3A-3BD2198BEE08}
	EndGlobalSection
EndGlobal
